
Microsoft Visual Studio Solution File, Format Version 12.00
# Visual Studio Version 16
VisualStudioVersion = 16.0.28803.452
MinimumVisualStudioVersion = 10.0.40219.1
Project("{FAE04EC0-301F-11D3-BF4B-00C04F79EFBC}") = "ProgrammersOfTheCaribbean", "ProgrammersOfTheCaribbean\ProgrammersOfTheCaribbean.csproj", "{A59FAC1F-4567-43D7-99DF-D100A333A351}"
EndProject
Global
	GlobalSection(SolutionConfigurationPlatforms) = preSolution
		Debug|Any CPU = Debug|Any CPU
		Release|Any CPU = Release|Any CPU
	EndGlobalSection
	GlobalSection(ProjectConfigurationPlatforms) = postSolution
		{A59FAC1F-4567-43D7-99DF-D100A333A351}.Debug|Any CPU.ActiveCfg = Debug|Any CPU
		{A59FAC1F-4567-43D7-99DF-D100A333A351}.Debug|Any CPU.Build.0 = Debug|Any CPU
		{A59FAC1F-4567-43D7-99DF-D100A333A351}.Release|Any CPU.ActiveCfg = Release|Any CPU
		{A59FAC1F-4567-43D7-99DF-D100A333A351}.Release|Any CPU.Build.0 = Release|Any CPU
	EndGlobalSection
	GlobalSection(SolutionProperties) = preSolution
		HideSolutionNode = FALSE
	EndGlobalSection
	GlobalSection(ExtensibilityGlobals) = postSolution
		SolutionGuid = {221A1D8E-C05E-47FE-86E3-D7664911973F}
	EndGlobalSection
EndGlobal
